
Microsoft Visual Studio Solution File, Format Version 12.00
# Visual Studio Version 16
VisualStudioVersion = 16.0.30114.105
MinimumVisualStudioVersion = 10.0.40219.1
Project("{9A19103F-16F7-4668-BE54-9A1E7A4F7556}") = "CacheRedisNetCore", "CacheRedisNetCore\CacheRedisNetCore.csproj", "{7384C8ED-A5D1-445B-B745-F617BC906E74}"
EndProject
Project("{9A19103F-16F7-4668-BE54-9A1E7A4F7556}") = "TestAddingListKeys", "TestAddingListKeys\TestAddingListKeys.csproj", "{F4B58315-A8F5-44CE-A7C6-FD187C8A2EB1}"
EndProject
Global
	GlobalSection(SolutionConfigurationPlatforms) = preSolution
		Debug|Any CPU = Debug|Any CPU
		Release|Any CPU = Release|Any CPU
	EndGlobalSection
	GlobalSection(ProjectConfigurationPlatforms) = postSolution
		{7384C8ED-A5D1-445B-B745-F617BC906E74}.Debug|Any CPU.ActiveCfg = Debug|Any CPU
		{7384C8ED-A5D1-445B-B745-F617BC906E74}.Debug|Any CPU.Build.0 = Debug|Any CPU
		{7384C8ED-A5D1-445B-B745-F617BC906E74}.Release|Any CPU.ActiveCfg = Release|Any CPU
		{7384C8ED-A5D1-445B-B745-F617BC906E74}.Release|Any CPU.Build.0 = Release|Any CPU
		{F4B58315-A8F5-44CE-A7C6-FD187C8A2EB1}.Debug|Any CPU.ActiveCfg = Debug|Any CPU
		{F4B58315-A8F5-44CE-A7C6-FD187C8A2EB1}.Debug|Any CPU.Build.0 = Debug|Any CPU
		{F4B58315-A8F5-44CE-A7C6-FD187C8A2EB1}.Release|Any CPU.ActiveCfg = Release|Any CPU
		{F4B58315-A8F5-44CE-A7C6-FD187C8A2EB1}.Release|Any CPU.Build.0 = Release|Any CPU
	EndGlobalSection
	GlobalSection(SolutionProperties) = preSolution
		HideSolutionNode = FALSE
	EndGlobalSection
	GlobalSection(ExtensibilityGlobals) = postSolution
		SolutionGuid = {3CBE8C81-1B4C-4862-AA81-92B6B69305BB}
	EndGlobalSection
EndGlobal
